// !$*UTF8*$!
{
	archiveVersion = 1;
	classes = {
	};
	objectVersion = 50;
	objects = {

/* Begin PBXBuildFile section */
		4360977826F5F58100780016 /* AppDelegate.swift in Sources */ = {isa = PBXBuildFile; fileRef = 4360977726F5F58100780016 /* AppDelegate.swift */; };
		4360977A26F5F58100780016 /* SceneDelegate.swift in Sources */ = {isa = PBXBuildFile; fileRef = 4360977926F5F58100780016 /* SceneDelegate.swift */; };
		4360978126F5F58100780016 /* Assets.xcassets in Resources */ = {isa = PBXBuildFile; fileRef = 4360978026F5F58100780016 /* Assets.xcassets */; };
		4360978426F5F58100780016 /* LaunchScreen.storyboard in Resources */ = {isa = PBXBuildFile; fileRef = 4360978226F5F58100780016 /* LaunchScreen.storyboard */; };
		4360978F26F5F58200780016 /* FixturesTests.swift in Sources */ = {isa = PBXBuildFile; fileRef = 4360978E26F5F58200780016 /* FixturesTests.swift */; };
		4360979A26F5F58200780016 /* FixturesUITests.swift in Sources */ = {isa = PBXBuildFile; fileRef = 4360979926F5F58200780016 /* FixturesUITests.swift */; };
		436097AB26F5F64200780016 /* HomeViewController.swift in Sources */ = {isa = PBXBuildFile; fileRef = 436097A926F5F64200780016 /* HomeViewController.swift */; };
		436097AC26F5F64200780016 /* HomeViewController.xib in Resources */ = {isa = PBXBuildFile; fileRef = 436097AA26F5F64200780016 /* HomeViewController.xib */; };
		436097AF26F5F76400780016 /* HomeAssembly.swift in Sources */ = {isa = PBXBuildFile; fileRef = 436097AE26F5F76400780016 /* HomeAssembly.swift */; };
		436097B126F5F7D200780016 /* HomeInteractor.swift in Sources */ = {isa = PBXBuildFile; fileRef = 436097B026F5F7D200780016 /* HomeInteractor.swift */; };
		436097B326F5F7FF00780016 /* HomePresenter.swift in Sources */ = {isa = PBXBuildFile; fileRef = 436097B226F5F7FF00780016 /* HomePresenter.swift */; };
		43E8922426F5FB43006BE3F0 /* Match.swift in Sources */ = {isa = PBXBuildFile; fileRef = 43E8922326F5FB43006BE3F0 /* Match.swift */; };
		43E8922726F5FC52006BE3F0 /* APIHelper.swift in Sources */ = {isa = PBXBuildFile; fileRef = 43E8922626F5FC52006BE3F0 /* APIHelper.swift */; };
		43E8922926F5FCB1006BE3F0 /* SportsType.swift in Sources */ = {isa = PBXBuildFile; fileRef = 43E8922826F5FCB1006BE3F0 /* SportsType.swift */; };
		43E8922C26F6039B006BE3F0 /* DateFormatter+.swift in Sources */ = {isa = PBXBuildFile; fileRef = 43E8922B26F6039B006BE3F0 /* DateFormatter+.swift */; };
/* End PBXBuildFile section */

/* Begin PBXContainerItemProxy section */
		4360978B26F5F58200780016 /* PBXContainerItemProxy */ = {
			isa = PBXContainerItemProxy;
			containerPortal = 4360976C26F5F58100780016 /* Project object */;
			proxyType = 1;
			remoteGlobalIDString = 4360977326F5F58100780016;
			remoteInfo = Fixtures;
		};
		4360979626F5F58200780016 /* PBXContainerItemProxy */ = {
			isa = PBXContainerItemProxy;
			containerPortal = 4360976C26F5F58100780016 /* Project object */;
			proxyType = 1;
			remoteGlobalIDString = 4360977326F5F58100780016;
			remoteInfo = Fixtures;
		};
/* End PBXContainerItemProxy section */

/* Begin PBXFileReference section */
		4360977426F5F58100780016 /* Fixtures.app */ = {isa = PBXFileReference; explicitFileType = wrapper.application; includeInIndex = 0; path = Fixtures.app; sourceTree = BUILT_PRODUCTS_DIR; };
		4360977726F5F58100780016 /* AppDelegate.swift */ = {isa = PBXFileReference; lastKnownFileType = sourcecode.swift; path = AppDelegate.swift; sourceTree = "<group>"; };
		4360977926F5F58100780016 /* SceneDelegate.swift */ = {isa = PBXFileReference; lastKnownFileType = sourcecode.swift; path = SceneDelegate.swift; sourceTree = "<group>"; };
		4360978026F5F58100780016 /* Assets.xcassets */ = {isa = PBXFileReference; lastKnownFileType = folder.assetcatalog; path = Assets.xcassets; sourceTree = "<group>"; };
		4360978326F5F58100780016 /* Base */ = {isa = PBXFileReference; lastKnownFileType = file.storyboard; name = Base; path = Base.lproj/LaunchScreen.storyboard; sourceTree = "<group>"; };
		4360978526F5F58100780016 /* Info.plist */ = {isa = PBXFileReference; lastKnownFileType = text.plist.xml; path = Info.plist; sourceTree = "<group>"; };
		4360978A26F5F58200780016 /* FixturesTests.xctest */ = {isa = PBXFileReference; explicitFileType = wrapper.cfbundle; includeInIndex = 0; path = FixturesTests.xctest; sourceTree = BUILT_PRODUCTS_DIR; };
		4360978E26F5F58200780016 /* FixturesTests.swift */ = {isa = PBXFileReference; lastKnownFileType = sourcecode.swift; path = FixturesTests.swift; sourceTree = "<group>"; };
		4360979026F5F58200780016 /* Info.plist */ = {isa = PBXFileReference; lastKnownFileType = text.plist.xml; path = Info.plist; sourceTree = "<group>"; };
		4360979526F5F58200780016 /* FixturesUITests.xctest */ = {isa = PBXFileReference; explicitFileType = wrapper.cfbundle; includeInIndex = 0; path = FixturesUITests.xctest; sourceTree = BUILT_PRODUCTS_DIR; };
		4360979926F5F58200780016 /* FixturesUITests.swift */ = {isa = PBXFileReference; lastKnownFileType = sourcecode.swift; path = FixturesUITests.swift; sourceTree = "<group>"; };
		4360979B26F5F58200780016 /* Info.plist */ = {isa = PBXFileReference; lastKnownFileType = text.plist.xml; path = Info.plist; sourceTree = "<group>"; };
		436097A926F5F64200780016 /* HomeViewController.swift */ = {isa = PBXFileReference; lastKnownFileType = sourcecode.swift; path = HomeViewController.swift; sourceTree = "<group>"; };
		436097AA26F5F64200780016 /* HomeViewController.xib */ = {isa = PBXFileReference; lastKnownFileType = file.xib; path = HomeViewController.xib; sourceTree = "<group>"; };
		436097AE26F5F76400780016 /* HomeAssembly.swift */ = {isa = PBXFileReference; lastKnownFileType = sourcecode.swift; path = HomeAssembly.swift; sourceTree = "<group>"; };
		436097B026F5F7D200780016 /* HomeInteractor.swift */ = {isa = PBXFileReference; lastKnownFileType = sourcecode.swift; path = HomeInteractor.swift; sourceTree = "<group>"; };
		436097B226F5F7FF00780016 /* HomePresenter.swift */ = {isa = PBXFileReference; lastKnownFileType = sourcecode.swift; path = HomePresenter.swift; sourceTree = "<group>"; };
		43E8922326F5FB43006BE3F0 /* Match.swift */ = {isa = PBXFileReference; lastKnownFileType = sourcecode.swift; path = Match.swift; sourceTree = "<group>"; };
		43E8922626F5FC52006BE3F0 /* APIHelper.swift */ = {isa = PBXFileReference; lastKnownFileType = sourcecode.swift; path = APIHelper.swift; sourceTree = "<group>"; };
		43E8922826F5FCB1006BE3F0 /* SportsType.swift */ = {isa = PBXFileReference; lastKnownFileType = sourcecode.swift; path = SportsType.swift; sourceTree = "<group>"; };
		43E8922B26F6039B006BE3F0 /* DateFormatter+.swift */ = {isa = PBXFileReference; lastKnownFileType = sourcecode.swift; path = "DateFormatter+.swift"; sourceTree = "<group>"; };
/* End PBXFileReference section */

/* Begin PBXFrameworksBuildPhase section */
		4360977126F5F58100780016 /* Frameworks */ = {
			isa = PBXFrameworksBuildPhase;
			buildActionMask = 2147483647;
			files = (
			);
			runOnlyForDeploymentPostprocessing = 0;
		};
		4360978726F5F58200780016 /* Frameworks */ = {
			isa = PBXFrameworksBuildPhase;
			buildActionMask = 2147483647;
			files = (
			);
			runOnlyForDeploymentPostprocessing = 0;
		};
		4360979226F5F58200780016 /* Frameworks */ = {
			isa = PBXFrameworksBuildPhase;
			buildActionMask = 2147483647;
			files = (
			);
			runOnlyForDeploymentPostprocessing = 0;
		};
/* End PBXFrameworksBuildPhase section */

/* Begin PBXGroup section */
		4360976B26F5F58100780016 = {
			isa = PBXGroup;
			children = (
				4360977626F5F58100780016 /* Fixtures */,
				4360978D26F5F58200780016 /* FixturesTests */,
				4360979826F5F58200780016 /* FixturesUITests */,
				4360977526F5F58100780016 /* Products */,
			);
			sourceTree = "<group>";
		};
		4360977526F5F58100780016 /* Products */ = {
			isa = PBXGroup;
			children = (
				4360977426F5F58100780016 /* Fixtures.app */,
				4360978A26F5F58200780016 /* FixturesTests.xctest */,
				4360979526F5F58200780016 /* FixturesUITests.xctest */,
			);
			name = Products;
			sourceTree = "<group>";
		};
		4360977626F5F58100780016 /* Fixtures */ = {
			isa = PBXGroup;
			children = (
				436097AD26F5F75800780016 /* DI */,
				436097A726F5F61900780016 /* Scenes */,
				43E8922226F5FB34006BE3F0 /* Models */,
				43E8922A26F60390006BE3F0 /* Extensions */,
				43E8922526F5FC48006BE3F0 /* Helpers */,
				4360977726F5F58100780016 /* AppDelegate.swift */,
				4360977926F5F58100780016 /* SceneDelegate.swift */,
				4360978026F5F58100780016 /* Assets.xcassets */,
				4360978226F5F58100780016 /* LaunchScreen.storyboard */,
				4360978526F5F58100780016 /* Info.plist */,
			);
			path = Fixtures;
			sourceTree = "<group>";
		};
		4360978D26F5F58200780016 /* FixturesTests */ = {
			isa = PBXGroup;
			children = (
				4360978E26F5F58200780016 /* FixturesTests.swift */,
				4360979026F5F58200780016 /* Info.plist */,
			);
			path = FixturesTests;
			sourceTree = "<group>";
		};
		4360979826F5F58200780016 /* FixturesUITests */ = {
			isa = PBXGroup;
			children = (
				4360979926F5F58200780016 /* FixturesUITests.swift */,
				4360979B26F5F58200780016 /* Info.plist */,
			);
			path = FixturesUITests;
			sourceTree = "<group>";
		};
		436097A726F5F61900780016 /* Scenes */ = {
			isa = PBXGroup;
			children = (
				436097A826F5F62700780016 /* Home */,
			);
			path = Scenes;
			sourceTree = "<group>";
		};
		436097A826F5F62700780016 /* Home */ = {
			isa = PBXGroup;
			children = (
				436097A926F5F64200780016 /* HomeViewController.swift */,
				436097AA26F5F64200780016 /* HomeViewController.xib */,
				436097B026F5F7D200780016 /* HomeInteractor.swift */,
				436097B226F5F7FF00780016 /* HomePresenter.swift */,
			);
			path = Home;
			sourceTree = "<group>";
		};
		436097AD26F5F75800780016 /* DI */ = {
			isa = PBXGroup;
			children = (
				436097AE26F5F76400780016 /* HomeAssembly.swift */,
			);
			path = DI;
			sourceTree = "<group>";
		};
		43E8922226F5FB34006BE3F0 /* Models */ = {
			isa = PBXGroup;
			children = (
				43E8922326F5FB43006BE3F0 /* Match.swift */,
				43E8922826F5FCB1006BE3F0 /* SportsType.swift */,
			);
			path = Models;
			sourceTree = "<group>";
		};
		43E8922526F5FC48006BE3F0 /* Helpers */ = {
			isa = PBXGroup;
			children = (
				43E8922626F5FC52006BE3F0 /* APIHelper.swift */,
			);
			path = Helpers;
			sourceTree = "<group>";
		};
		43E8922A26F60390006BE3F0 /* Extensions */ = {
			isa = PBXGroup;
			children = (
				43E8922B26F6039B006BE3F0 /* DateFormatter+.swift */,
			);
			path = Extensions;
			sourceTree = "<group>";
		};
/* End PBXGroup section */

/* Begin PBXNativeTarget section */
		4360977326F5F58100780016 /* Fixtures */ = {
			isa = PBXNativeTarget;
			buildConfigurationList = 4360979E26F5F58200780016 /* Build configuration list for PBXNativeTarget "Fixtures" */;
			buildPhases = (
				4360977026F5F58100780016 /* Sources */,
				4360977126F5F58100780016 /* Frameworks */,
				4360977226F5F58100780016 /* Resources */,
			);
			buildRules = (
			);
			dependencies = (
			);
			name = Fixtures;
			productName = Fixtures;
			productReference = 4360977426F5F58100780016 /* Fixtures.app */;
			productType = "com.apple.product-type.application";
		};
		4360978926F5F58200780016 /* FixturesTests */ = {
			isa = PBXNativeTarget;
			buildConfigurationList = 436097A126F5F58200780016 /* Build configuration list for PBXNativeTarget "FixturesTests" */;
			buildPhases = (
				4360978626F5F58200780016 /* Sources */,
				4360978726F5F58200780016 /* Frameworks */,
				4360978826F5F58200780016 /* Resources */,
			);
			buildRules = (
			);
			dependencies = (
				4360978C26F5F58200780016 /* PBXTargetDependency */,
			);
			name = FixturesTests;
			productName = FixturesTests;
			productReference = 4360978A26F5F58200780016 /* FixturesTests.xctest */;
			productType = "com.apple.product-type.bundle.unit-test";
		};
		4360979426F5F58200780016 /* FixturesUITests */ = {
			isa = PBXNativeTarget;
			buildConfigurationList = 436097A426F5F58200780016 /* Build configuration list for PBXNativeTarget "FixturesUITests" */;
			buildPhases = (
				4360979126F5F58200780016 /* Sources */,
				4360979226F5F58200780016 /* Frameworks */,
				4360979326F5F58200780016 /* Resources */,
			);
			buildRules = (
			);
			dependencies = (
				4360979726F5F58200780016 /* PBXTargetDependency */,
			);
			name = FixturesUITests;
			productName = FixturesUITests;
			productReference = 4360979526F5F58200780016 /* FixturesUITests.xctest */;
			productType = "com.apple.product-type.bundle.ui-testing";
		};
/* End PBXNativeTarget section */

/* Begin PBXProject section */
		4360976C26F5F58100780016 /* Project object */ = {
			isa = PBXProject;
			attributes = {
				LastSwiftUpdateCheck = 1250;
				LastUpgradeCheck = 1250;
				TargetAttributes = {
					4360977326F5F58100780016 = {
						CreatedOnToolsVersion = 12.5.1;
					};
					4360978926F5F58200780016 = {
						CreatedOnToolsVersion = 12.5.1;
						TestTargetID = 4360977326F5F58100780016;
					};
					4360979426F5F58200780016 = {
						CreatedOnToolsVersion = 12.5.1;
						TestTargetID = 4360977326F5F58100780016;
					};
				};
			};
			buildConfigurationList = 4360976F26F5F58100780016 /* Build configuration list for PBXProject "Fixtures" */;
			compatibilityVersion = "Xcode 9.3";
			developmentRegion = en;
			hasScannedForEncodings = 0;
			knownRegions = (
				en,
				Base,
			);
			mainGroup = 4360976B26F5F58100780016;
			productRefGroup = 4360977526F5F58100780016 /* Products */;
			projectDirPath = "";
			projectRoot = "";
			targets = (
				4360977326F5F58100780016 /* Fixtures */,
				4360978926F5F58200780016 /* FixturesTests */,
				4360979426F5F58200780016 /* FixturesUITests */,
			);
		};
/* End PBXProject section */

/* Begin PBXResourcesBuildPhase section */
		4360977226F5F58100780016 /* Resources */ = {
			isa = PBXResourcesBuildPhase;
			buildActionMask = 2147483647;
			files = (
				4360978426F5F58100780016 /* LaunchScreen.storyboard in Resources */,
				4360978126F5F58100780016 /* Assets.xcassets in Resources */,
				436097AC26F5F64200780016 /* HomeViewController.xib in Resources */,
			);
			runOnlyForDeploymentPostprocessing = 0;
		};
		4360978826F5F58200780016 /* Resources */ = {
			isa = PBXResourcesBuildPhase;
			buildActionMask = 2147483647;
			files = (
			);
			runOnlyForDeploymentPostprocessing = 0;
		};
		4360979326F5F58200780016 /* Resources */ = {
			isa = PBXResourcesBuildPhase;
			buildActionMask = 2147483647;
			files = (
			);
			runOnlyForDeploymentPostprocessing = 0;
		};
/* End PBXResourcesBuildPhase section */

/* Begin PBXSourcesBuildPhase section */
		4360977026F5F58100780016 /* Sources */ = {
			isa = PBXSourcesBuildPhase;
			buildActionMask = 2147483647;
			files = (
				4360977826F5F58100780016 /* AppDelegate.swift in Sources */,
				4360977A26F5F58100780016 /* SceneDelegate.swift in Sources */,
				436097AF26F5F76400780016 /* HomeAssembly.swift in Sources */,
				436097B326F5F7FF00780016 /* HomePresenter.swift in Sources */,
				43E8922C26F6039B006BE3F0 /* DateFormatter+.swift in Sources */,
				43E8922726F5FC52006BE3F0 /* APIHelper.swift in Sources */,
				436097B126F5F7D200780016 /* HomeInteractor.swift in Sources */,
				436097AB26F5F64200780016 /* HomeViewController.swift in Sources */,
				43E8922426F5FB43006BE3F0 /* Match.swift in Sources */,
				43E8922926F5FCB1006BE3F0 /* SportsType.swift in Sources */,
			);
			runOnlyForDeploymentPostprocessing = 0;
		};
		4360978626F5F58200780016 /* Sources */ = {
			isa = PBXSourcesBuildPhase;
			buildActionMask = 2147483647;
			files = (
				4360978F26F5F58200780016 /* FixturesTests.swift in Sources */,
			);
			runOnlyForDeploymentPostprocessing = 0;
		};
		4360979126F5F58200780016 /* Sources */ = {
			isa = PBXSourcesBuildPhase;
			buildActionMask = 2147483647;
			files = (
				4360979A26F5F58200780016 /* FixturesUITests.swift in Sources */,
			);
			runOnlyForDeploymentPostprocessing = 0;
		};
/* End PBXSourcesBuildPhase section */

/* Begin PBXTargetDependency section */
		4360978C26F5F58200780016 /* PBXTargetDependency */ = {
			isa = PBXTargetDependency;
			target = 4360977326F5F58100780016 /* Fixtures */;
			targetProxy = 4360978B26F5F58200780016 /* PBXContainerItemProxy */;
		};
		4360979726F5F58200780016 /* PBXTargetDependency */ = {
			isa = PBXTargetDependency;
			target = 4360977326F5F58100780016 /* Fixtures */;
			targetProxy = 4360979626F5F58200780016 /* PBXContainerItemProxy */;
		};
/* End PBXTargetDependency section */

/* Begin PBXVariantGroup section */
		4360978226F5F58100780016 /* LaunchScreen.storyboard */ = {
			isa = PBXVariantGroup;
			children = (
				4360978326F5F58100780016 /* Base */,
			);
			name = LaunchScreen.storyboard;
			sourceTree = "<group>";
		};
/* End PBXVariantGroup section */

/* Begin XCBuildConfiguration section */
		4360979C26F5F58200780016 /* Debug */ = {
			isa = XCBuildConfiguration;
			buildSettings = {
				ALWAYS_SEARCH_USER_PATHS = NO;
				CLANG_ANALYZER_NONNULL = YES;
				CLANG_ANALYZER_NUMBER_OBJECT_CONVERSION = YES_AGGRESSIVE;
				CLANG_CXX_LANGUAGE_STANDARD = "gnu++14";
				CLANG_CXX_LIBRARY = "libc++";
				CLANG_ENABLE_MODULES = YES;
				CLANG_ENABLE_OBJC_ARC = YES;
				CLANG_ENABLE_OBJC_WEAK = YES;
				CLANG_WARN_BLOCK_CAPTURE_AUTORELEASING = YES;
				CLANG_WARN_BOOL_CONVERSION = YES;
				CLANG_WARN_COMMA = YES;
				CLANG_WARN_CONSTANT_CONVERSION = YES;
				CLANG_WARN_DEPRECATED_OBJC_IMPLEMENTATIONS = YES;
				CLANG_WARN_DIRECT_OBJC_ISA_USAGE = YES_ERROR;
				CLANG_WARN_DOCUMENTATION_COMMENTS = YES;
				CLANG_WARN_EMPTY_BODY = YES;
				CLANG_WARN_ENUM_CONVERSION = YES;
				CLANG_WARN_INFINITE_RECURSION = YES;
				CLANG_WARN_INT_CONVERSION = YES;
				CLANG_WARN_NON_LITERAL_NULL_CONVERSION = YES;
				CLANG_WARN_OBJC_IMPLICIT_RETAIN_SELF = YES;
				CLANG_WARN_OBJC_LITERAL_CONVERSION = YES;
				CLANG_WARN_OBJC_ROOT_CLASS = YES_ERROR;
				CLANG_WARN_QUOTED_INCLUDE_IN_FRAMEWORK_HEADER = YES;
				CLANG_WARN_RANGE_LOOP_ANALYSIS = YES;
				CLANG_WARN_STRICT_PROTOTYPES = YES;
				CLANG_WARN_SUSPICIOUS_MOVE = YES;
				CLANG_WARN_UNGUARDED_AVAILABILITY = YES_AGGRESSIVE;
				CLANG_WARN_UNREACHABLE_CODE = YES;
				CLANG_WARN__DUPLICATE_METHOD_MATCH = YES;
				COPY_PHASE_STRIP = NO;
				DEBUG_INFORMATION_FORMAT = dwarf;
				ENABLE_STRICT_OBJC_MSGSEND = YES;
				ENABLE_TESTABILITY = YES;
				GCC_C_LANGUAGE_STANDARD = gnu11;
				GCC_DYNAMIC_NO_PIC = NO;
				GCC_NO_COMMON_BLOCKS = YES;
				GCC_OPTIMIZATION_LEVEL = 0;
				GCC_PREPROCESSOR_DEFINITIONS = (
					"DEBUG=1",
					"$(inherited)",
				);
				GCC_WARN_64_TO_32_BIT_CONVERSION = YES;
				GCC_WARN_ABOUT_RETURN_TYPE = YES_ERROR;
				GCC_WARN_UNDECLARED_SELECTOR = YES;
				GCC_WARN_UNINITIALIZED_AUTOS = YES_AGGRESSIVE;
				GCC_WARN_UNUSED_FUNCTION = YES;
				GCC_WARN_UNUSED_VARIABLE = YES;
				IPHONEOS_DEPLOYMENT_TARGET = 14.5;
				MTL_ENABLE_DEBUG_INFO = INCLUDE_SOURCE;
				MTL_FAST_MATH = YES;
				ONLY_ACTIVE_ARCH = YES;
				SDKROOT = iphoneos;
				SWIFT_ACTIVE_COMPILATION_CONDITIONS = DEBUG;
				SWIFT_OPTIMIZATION_LEVEL = "-Onone";
			};
			name = Debug;
		};
		4360979D26F5F58200780016 /* Release */ = {
			isa = XCBuildConfiguration;
			buildSettings = {
				ALWAYS_SEARCH_USER_PATHS = NO;
				CLANG_ANALYZER_NONNULL = YES;
				CLANG_ANALYZER_NUMBER_OBJECT_CONVERSION = YES_AGGRESSIVE;
				CLANG_CXX_LANGUAGE_STANDARD = "gnu++14";
				CLANG_CXX_LIBRARY = "libc++";
				CLANG_ENABLE_MODULES = YES;
				CLANG_ENABLE_OBJC_ARC = YES;
				CLANG_ENABLE_OBJC_WEAK = YES;
				CLANG_WARN_BLOCK_CAPTURE_AUTORELEASING = YES;
				CLANG_WARN_BOOL_CONVERSION = YES;
				CLANG_WARN_COMMA = YES;
				CLANG_WARN_CONSTANT_CONVERSION = YES;
				CLANG_WARN_DEPRECATED_OBJC_IMPLEMENTATIONS = YES;
				CLANG_WARN_DIRECT_OBJC_ISA_USAGE = YES_ERROR;
				CLANG_WARN_DOCUMENTATION_COMMENTS = YES;
				CLANG_WARN_EMPTY_BODY = YES;
				CLANG_WARN_ENUM_CONVERSION = YES;
				CLANG_WARN_INFINITE_RECURSION = YES;
				CLANG_WARN_INT_CONVERSION = YES;
				CLANG_WARN_NON_LITERAL_NULL_CONVERSION = YES;
				CLANG_WARN_OBJC_IMPLICIT_RETAIN_SELF = YES;
				CLANG_WARN_OBJC_LITERAL_CONVERSION = YES;
				CLANG_WARN_OBJC_ROOT_CLASS = YES_ERROR;
				CLANG_WARN_QUOTED_INCLUDE_IN_FRAMEWORK_HEADER = YES;
				CLANG_WARN_RANGE_LOOP_ANALYSIS = YES;
				CLANG_WARN_STRICT_PROTOTYPES = YES;
				CLANG_WARN_SUSPICIOUS_MOVE = YES;
				CLANG_WARN_UNGUARDED_AVAILABILITY = YES_AGGRESSIVE;
				CLANG_WARN_UNREACHABLE_CODE = YES;
				CLANG_WARN__DUPLICATE_METHOD_MATCH = YES;
				COPY_PHASE_STRIP = NO;
				DEBUG_INFORMATION_FORMAT = "dwarf-with-dsym";
				ENABLE_NS_ASSERTIONS = NO;
				ENABLE_STRICT_OBJC_MSGSEND = YES;
				GCC_C_LANGUAGE_STANDARD = gnu11;
				GCC_NO_COMMON_BLOCKS = YES;
				GCC_WARN_64_TO_32_BIT_CONVERSION = YES;
				GCC_WARN_ABOUT_RETURN_TYPE = YES_ERROR;
				GCC_WARN_UNDECLARED_SELECTOR = YES;
				GCC_WARN_UNINITIALIZED_AUTOS = YES_AGGRESSIVE;
				GCC_WARN_UNUSED_FUNCTION = YES;
				GCC_WARN_UNUSED_VARIABLE = YES;
				IPHONEOS_DEPLOYMENT_TARGET = 14.5;
				MTL_ENABLE_DEBUG_INFO = NO;
				MTL_FAST_MATH = YES;
				SDKROOT = iphoneos;
				SWIFT_COMPILATION_MODE = wholemodule;
				SWIFT_OPTIMIZATION_LEVEL = "-O";
				VALIDATE_PRODUCT = YES;
			};
			name = Release;
		};
		4360979F26F5F58200780016 /* Debug */ = {
			isa = XCBuildConfiguration;
			buildSettings = {
				ASSETCATALOG_COMPILER_APPICON_NAME = AppIcon;
				ASSETCATALOG_COMPILER_GLOBAL_ACCENT_COLOR_NAME = AccentColor;
				CODE_SIGN_STYLE = Automatic;
				DEVELOPMENT_TEAM = 2L9L899V66;
				INFOPLIST_FILE = Fixtures/Info.plist;
				IPHONEOS_DEPLOYMENT_TARGET = 13.0;
				LD_RUNPATH_SEARCH_PATHS = (
					"$(inherited)",
					"@executable_path/Frameworks",
				);
				PRODUCT_BUNDLE_IDENTIFIER = MEMTARHAN.Fixtures;
				PRODUCT_NAME = "$(TARGET_NAME)";
				SWIFT_VERSION = 5.0;
				TARGETED_DEVICE_FAMILY = "1,2";
			};
			name = Debug;
		};
		436097A026F5F58200780016 /* Release */ = {
			isa = XCBuildConfiguration;
			buildSettings = {
				ASSETCATALOG_COMPILER_APPICON_NAME = AppIcon;
				ASSETCATALOG_COMPILER_GLOBAL_ACCENT_COLOR_NAME = AccentColor;
				CODE_SIGN_STYLE = Automatic;
				DEVELOPMENT_TEAM = 2L9L899V66;
				INFOPLIST_FILE = Fixtures/Info.plist;
				IPHONEOS_DEPLOYMENT_TARGET = 13.0;
				LD_RUNPATH_SEARCH_PATHS = (
					"$(inherited)",
					"@executable_path/Frameworks",
				);
				PRODUCT_BUNDLE_IDENTIFIER = MEMTARHAN.Fixtures;
				PRODUCT_NAME = "$(TARGET_NAME)";
				SWIFT_VERSION = 5.0;
				TARGETED_DEVICE_FAMILY = "1,2";
			};
			name = Release;
		};
		436097A226F5F58200780016 /* Debug */ = {
			isa = XCBuildConfiguration;
			buildSettings = {
				ALWAYS_EMBED_SWIFT_STANDARD_LIBRARIES = YES;
				BUNDLE_LOADER = "$(TEST_HOST)";
				CODE_SIGN_STYLE = Automatic;
				DEVELOPMENT_TEAM = 2L9L899V66;
				INFOPLIST_FILE = FixturesTests/Info.plist;
				IPHONEOS_DEPLOYMENT_TARGET = 14.5;
				LD_RUNPATH_SEARCH_PATHS = (
					"$(inherited)",
					"@executable_path/Frameworks",
					"@loader_path/Frameworks",
				);
				PRODUCT_BUNDLE_IDENTIFIER = MEMTARHAN.FixturesTests;
				PRODUCT_NAME = "$(TARGET_NAME)";
				SWIFT_VERSION = 5.0;
				TARGETED_DEVICE_FAMILY = "1,2";
				TEST_HOST = "$(BUILT_PRODUCTS_DIR)/Fixtures.app/Fixtures";
			};
			name = Debug;
		};
		436097A326F5F58200780016 /* Release */ = {
			isa = XCBuildConfiguration;
			buildSettings = {
				ALWAYS_EMBED_SWIFT_STANDARD_LIBRARIES = YES;
				BUNDLE_LOADER = "$(TEST_HOST)";
				CODE_SIGN_STYLE = Automatic;
				DEVELOPMENT_TEAM = 2L9L899V66;
				INFOPLIST_FILE = FixturesTests/Info.plist;
				IPHONEOS_DEPLOYMENT_TARGET = 14.5;
				LD_RUNPATH_SEARCH_PATHS = (
					"$(inherited)",
					"@executable_path/Frameworks",
					"@loader_path/Frameworks",
				);
				PRODUCT_BUNDLE_IDENTIFIER = MEMTARHAN.FixturesTests;
				PRODUCT_NAME = "$(TARGET_NAME)";
				SWIFT_VERSION = 5.0;
				TARGETED_DEVICE_FAMILY = "1,2";
				TEST_HOST = "$(BUILT_PRODUCTS_DIR)/Fixtures.app/Fixtures";
			};
			name = Release;
		};
		436097A526F5F58200780016 /* Debug */ = {
			isa = XCBuildConfiguration;
			buildSettings = {
				ALWAYS_EMBED_SWIFT_STANDARD_LIBRARIES = YES;
				CODE_SIGN_STYLE = Automatic;
				DEVELOPMENT_TEAM = 2L9L899V66;
				INFOPLIST_FILE = FixturesUITests/Info.plist;
				LD_RUNPATH_SEARCH_PATHS = (
					"$(inherited)",
					"@executable_path/Frameworks",
					"@loader_path/Frameworks",
				);
				PRODUCT_BUNDLE_IDENTIFIER = MEMTARHAN.FixturesUITests;
				PRODUCT_NAME = "$(TARGET_NAME)";
				SWIFT_VERSION = 5.0;
				TARGETED_DEVICE_FAMILY = "1,2";
				TEST_TARGET_NAME = Fixtures;
			};
			name = Debug;
		};
		436097A626F5F58200780016 /* Release */ = {
			isa = XCBuildConfiguration;
			buildSettings = {
				ALWAYS_EMBED_SWIFT_STANDARD_LIBRARIES = YES;
				CODE_SIGN_STYLE = Automatic;
				DEVELOPMENT_TEAM = 2L9L899V66;
				INFOPLIST_FILE = FixturesUITests/Info.plist;
				LD_RUNPATH_SEARCH_PATHS = (
					"$(inherited)",
					"@executable_path/Frameworks",
					"@loader_path/Frameworks",
				);
				PRODUCT_BUNDLE_IDENTIFIER = MEMTARHAN.FixturesUITests;
				PRODUCT_NAME = "$(TARGET_NAME)";
				SWIFT_VERSION = 5.0;
				TARGETED_DEVICE_FAMILY = "1,2";
				TEST_TARGET_NAME = Fixtures;
			};
			name = Release;
		};
/* End XCBuildConfiguration section */

/* Begin XCConfigurationList section */
		4360976F26F5F58100780016 /* Build configuration list for PBXProject "Fixtures" */ = {
			isa = XCConfigurationList;
			buildConfigurations = (
				4360979C26F5F58200780016 /* Debug */,
				4360979D26F5F58200780016 /* Release */,
			);
			defaultConfigurationIsVisible = 0;
			defaultConfigurationName = Release;
		};
		4360979E26F5F58200780016 /* Build configuration list for PBXNativeTarget "Fixtures" */ = {
			isa = XCConfigurationList;
			buildConfigurations = (
				4360979F26F5F58200780016 /* Debug */,
				436097A026F5F58200780016 /* Release */,
			);
			defaultConfigurationIsVisible = 0;
			defaultConfigurationName = Release;
		};
		436097A126F5F58200780016 /* Build configuration list for PBXNativeTarget "FixturesTests" */ = {
			isa = XCConfigurationList;
			buildConfigurations = (
				436097A226F5F58200780016 /* Debug */,
				436097A326F5F58200780016 /* Release */,
			);
			defaultConfigurationIsVisible = 0;
			defaultConfigurationName = Release;
		};
		436097A426F5F58200780016 /* Build configuration list for PBXNativeTarget "FixturesUITests" */ = {
			isa = XCConfigurationList;
			buildConfigurations = (
				436097A526F5F58200780016 /* Debug */,
				436097A626F5F58200780016 /* Release */,
			);
			defaultConfigurationIsVisible = 0;
			defaultConfigurationName = Release;
		};
/* End XCConfigurationList section */
	};
	rootObject = 4360976C26F5F58100780016 /* Project object */;
}
